
Microsoft Visual Studio Solution File, Format Version 12.00
# Visual Studio Version 17
VisualStudioVersion = 17.4.33205.214
MinimumVisualStudioVersion = 10.0.40219.1
Project("{FAE04EC0-301F-11D3-BF4B-00C04F79EFBC}") = "Asm3", "Asm3\Asm3.csproj", "{15FC3122-34DB-47FC-A35A-983E91E5A117}"
EndProject
Global
	GlobalSection(SolutionConfigurationPlatforms) = preSolution
		Debug|Any CPU = Debug|Any CPU
		Release|Any CPU = Release|Any CPU
	EndGlobalSection
	GlobalSection(ProjectConfigurationPlatforms) = postSolution
		{15FC3122-34DB-47FC-A35A-983E91E5A117}.Debug|Any CPU.ActiveCfg = Debug|Any CPU
		{15FC3122-34DB-47FC-A35A-983E91E5A117}.Debug|Any CPU.Build.0 = Debug|Any CPU
		{15FC3122-34DB-47FC-A35A-983E91E5A117}.Release|Any CPU.ActiveCfg = Release|Any CPU
		{15FC3122-34DB-47FC-A35A-983E91E5A117}.Release|Any CPU.Build.0 = Release|Any CPU
	EndGlobalSection
	GlobalSection(SolutionProperties) = preSolution
		HideSolutionNode = FALSE
	EndGlobalSection
	GlobalSection(ExtensibilityGlobals) = postSolution
		SolutionGuid = {15498EF3-DC2E-4C2C-94F8-CF272C0D620E}
	EndGlobalSection
EndGlobal
