
Microsoft Visual Studio Solution File, Format Version 12.00
# Visual Studio Version 17
VisualStudioVersion = 17.4.33205.214
MinimumVisualStudioVersion = 10.0.40219.1
Project("{FAE04EC0-301F-11D3-BF4B-00C04F79EFBC}") = "Lab9.2", "Lab9.2\Lab9.2.csproj", "{423E6C2F-C1B2-4EB8-8068-43505FC09168}"
EndProject
Global
	GlobalSection(SolutionConfigurationPlatforms) = preSolution
		Debug|Any CPU = Debug|Any CPU
		Release|Any CPU = Release|Any CPU
	EndGlobalSection
	GlobalSection(ProjectConfigurationPlatforms) = postSolution
		{423E6C2F-C1B2-4EB8-8068-43505FC09168}.Debug|Any CPU.ActiveCfg = Debug|Any CPU
		{423E6C2F-C1B2-4EB8-8068-43505FC09168}.Debug|Any CPU.Build.0 = Debug|Any CPU
		{423E6C2F-C1B2-4EB8-8068-43505FC09168}.Release|Any CPU.ActiveCfg = Release|Any CPU
		{423E6C2F-C1B2-4EB8-8068-43505FC09168}.Release|Any CPU.Build.0 = Release|Any CPU
	EndGlobalSection
	GlobalSection(SolutionProperties) = preSolution
		HideSolutionNode = FALSE
	EndGlobalSection
	GlobalSection(ExtensibilityGlobals) = postSolution
		SolutionGuid = {6F7B4F94-8927-4814-87AF-3882424EE3F2}
	EndGlobalSection
EndGlobal
