
Microsoft Visual Studio Solution File, Format Version 12.00
# Visual Studio Version 17
VisualStudioVersion = 17.4.33205.214
MinimumVisualStudioVersion = 10.0.40219.1
Project("{FAE04EC0-301F-11D3-BF4B-00C04F79EFBC}") = "Hw3 6.2", "Hw3 6.2\Hw3 6.2.csproj", "{996C37F8-7A89-4D76-B9F7-CBF5783506E7}"
EndProject
Global
	GlobalSection(SolutionConfigurationPlatforms) = preSolution
		Debug|Any CPU = Debug|Any CPU
		Release|Any CPU = Release|Any CPU
	EndGlobalSection
	GlobalSection(ProjectConfigurationPlatforms) = postSolution
		{996C37F8-7A89-4D76-B9F7-CBF5783506E7}.Debug|Any CPU.ActiveCfg = Debug|Any CPU
		{996C37F8-7A89-4D76-B9F7-CBF5783506E7}.Debug|Any CPU.Build.0 = Debug|Any CPU
		{996C37F8-7A89-4D76-B9F7-CBF5783506E7}.Release|Any CPU.ActiveCfg = Release|Any CPU
		{996C37F8-7A89-4D76-B9F7-CBF5783506E7}.Release|Any CPU.Build.0 = Release|Any CPU
	EndGlobalSection
	GlobalSection(SolutionProperties) = preSolution
		HideSolutionNode = FALSE
	EndGlobalSection
	GlobalSection(ExtensibilityGlobals) = postSolution
		SolutionGuid = {999E3DCE-31AA-47B3-BEC9-2A4862F3CD44}
	EndGlobalSection
EndGlobal
