
Microsoft Visual Studio Solution File, Format Version 12.00
# Visual Studio Version 17
VisualStudioVersion = 17.4.33205.214
MinimumVisualStudioVersion = 10.0.40219.1
Project("{FAE04EC0-301F-11D3-BF4B-00C04F79EFBC}") = "Asm5", "Asm5\Asm5.csproj", "{53AEB936-45F8-4584-ACCC-78703E294868}"
EndProject
Global
	GlobalSection(SolutionConfigurationPlatforms) = preSolution
		Debug|Any CPU = Debug|Any CPU
		Release|Any CPU = Release|Any CPU
	EndGlobalSection
	GlobalSection(ProjectConfigurationPlatforms) = postSolution
		{53AEB936-45F8-4584-ACCC-78703E294868}.Debug|Any CPU.ActiveCfg = Debug|Any CPU
		{53AEB936-45F8-4584-ACCC-78703E294868}.Debug|Any CPU.Build.0 = Debug|Any CPU
		{53AEB936-45F8-4584-ACCC-78703E294868}.Release|Any CPU.ActiveCfg = Release|Any CPU
		{53AEB936-45F8-4584-ACCC-78703E294868}.Release|Any CPU.Build.0 = Release|Any CPU
	EndGlobalSection
	GlobalSection(SolutionProperties) = preSolution
		HideSolutionNode = FALSE
	EndGlobalSection
	GlobalSection(ExtensibilityGlobals) = postSolution
		SolutionGuid = {3FAC7322-777E-410F-89BF-E701149095FA}
	EndGlobalSection
EndGlobal
