
Microsoft Visual Studio Solution File, Format Version 12.00
# Visual Studio Version 17
VisualStudioVersion = 17.4.33205.214
MinimumVisualStudioVersion = 10.0.40219.1
Project("{FAE04EC0-301F-11D3-BF4B-00C04F79EFBC}") = "Asm6", "Asm6\Asm6.csproj", "{72024BAA-5731-4CBC-B819-7CB8816A85D6}"
EndProject
Global
	GlobalSection(SolutionConfigurationPlatforms) = preSolution
		Debug|Any CPU = Debug|Any CPU
		Release|Any CPU = Release|Any CPU
	EndGlobalSection
	GlobalSection(ProjectConfigurationPlatforms) = postSolution
		{72024BAA-5731-4CBC-B819-7CB8816A85D6}.Debug|Any CPU.ActiveCfg = Debug|Any CPU
		{72024BAA-5731-4CBC-B819-7CB8816A85D6}.Debug|Any CPU.Build.0 = Debug|Any CPU
		{72024BAA-5731-4CBC-B819-7CB8816A85D6}.Release|Any CPU.ActiveCfg = Release|Any CPU
		{72024BAA-5731-4CBC-B819-7CB8816A85D6}.Release|Any CPU.Build.0 = Release|Any CPU
	EndGlobalSection
	GlobalSection(SolutionProperties) = preSolution
		HideSolutionNode = FALSE
	EndGlobalSection
	GlobalSection(ExtensibilityGlobals) = postSolution
		SolutionGuid = {A0F8FCE9-9A36-4C35-9685-EE5333FE7FDF}
	EndGlobalSection
EndGlobal
