
Microsoft Visual Studio Solution File, Format Version 12.00
# Visual Studio Version 17
VisualStudioVersion = 17.4.33205.214
MinimumVisualStudioVersion = 10.0.40219.1
Project("{FAE04EC0-301F-11D3-BF4B-00C04F79EFBC}") = "Shapes", "Shapes\Shapes.csproj", "{6F85D21A-0154-4058-B557-A23A5E9E9FF3}"
EndProject
Global
	GlobalSection(SolutionConfigurationPlatforms) = preSolution
		Debug|Any CPU = Debug|Any CPU
		Release|Any CPU = Release|Any CPU
	EndGlobalSection
	GlobalSection(ProjectConfigurationPlatforms) = postSolution
		{6F85D21A-0154-4058-B557-A23A5E9E9FF3}.Debug|Any CPU.ActiveCfg = Debug|Any CPU
		{6F85D21A-0154-4058-B557-A23A5E9E9FF3}.Debug|Any CPU.Build.0 = Debug|Any CPU
		{6F85D21A-0154-4058-B557-A23A5E9E9FF3}.Release|Any CPU.ActiveCfg = Release|Any CPU
		{6F85D21A-0154-4058-B557-A23A5E9E9FF3}.Release|Any CPU.Build.0 = Release|Any CPU
	EndGlobalSection
	GlobalSection(SolutionProperties) = preSolution
		HideSolutionNode = FALSE
	EndGlobalSection
	GlobalSection(ExtensibilityGlobals) = postSolution
		SolutionGuid = {16E7A33E-B28E-4DD4-97B7-255B5D319289}
	EndGlobalSection
EndGlobal
