
Microsoft Visual Studio Solution File, Format Version 12.00
# Visual Studio Version 17
VisualStudioVersion = 17.4.33205.214
MinimumVisualStudioVersion = 10.0.40219.1
Project("{FAE04EC0-301F-11D3-BF4B-00C04F79EFBC}") = "Hw5 6.2", "Hw5 6.2\Hw5 6.2.csproj", "{F57CAD5C-B675-44DA-8F4E-B4EAA7750A9B}"
EndProject
Global
	GlobalSection(SolutionConfigurationPlatforms) = preSolution
		Debug|Any CPU = Debug|Any CPU
		Release|Any CPU = Release|Any CPU
	EndGlobalSection
	GlobalSection(ProjectConfigurationPlatforms) = postSolution
		{F57CAD5C-B675-44DA-8F4E-B4EAA7750A9B}.Debug|Any CPU.ActiveCfg = Debug|Any CPU
		{F57CAD5C-B675-44DA-8F4E-B4EAA7750A9B}.Debug|Any CPU.Build.0 = Debug|Any CPU
		{F57CAD5C-B675-44DA-8F4E-B4EAA7750A9B}.Release|Any CPU.ActiveCfg = Release|Any CPU
		{F57CAD5C-B675-44DA-8F4E-B4EAA7750A9B}.Release|Any CPU.Build.0 = Release|Any CPU
	EndGlobalSection
	GlobalSection(SolutionProperties) = preSolution
		HideSolutionNode = FALSE
	EndGlobalSection
	GlobalSection(ExtensibilityGlobals) = postSolution
		SolutionGuid = {7C9CB12B-5158-4EDD-9762-4BB907960FE5}
	EndGlobalSection
EndGlobal
